
Microsoft Visual Studio Solution File, Format Version 12.00
Project("{2150E333-8FDC-42A3-9474-1A3956D46DE8}") = "src", "src", "{B0AE5BD3-2C4F-41AE-9CBF-0C96EFF32F02}"
EndProject
Project("{FAE04EC0-301F-11D3-BF4B-00C04F79EFBC}") = "ContactSync", "src\ContactSync\ContactSync.csproj", "{D422B861-2CFA-478F-81D8-869FE1D1D4FD}"
EndProject
Project("{2150E333-8FDC-42A3-9474-1A3956D46DE8}") = "test", "test", "{35FA28B8-4ED8-4B90-95D6-8E800356E8E4}"
EndProject
Global
	GlobalSection(SolutionConfigurationPlatforms) = preSolution
		Debug|Any CPU = Debug|Any CPU
		Release|Any CPU = Release|Any CPU
	EndGlobalSection
	GlobalSection(NestedProjects) = preSolution
		{D422B861-2CFA-478F-81D8-869FE1D1D4FD} = {B0AE5BD3-2C4F-41AE-9CBF-0C96EFF32F02}
	EndGlobalSection
	GlobalSection(ProjectConfigurationPlatforms) = postSolution
		{D422B861-2CFA-478F-81D8-869FE1D1D4FD}.Debug|Any CPU.ActiveCfg = Debug|Any CPU
		{D422B861-2CFA-478F-81D8-869FE1D1D4FD}.Debug|Any CPU.Build.0 = Debug|Any CPU
		{D422B861-2CFA-478F-81D8-869FE1D1D4FD}.Release|Any CPU.ActiveCfg = Release|Any CPU
		{D422B861-2CFA-478F-81D8-869FE1D1D4FD}.Release|Any CPU.Build.0 = Release|Any CPU
	EndGlobalSection
EndGlobal
